<?xml version="1.0" encoding="utf-8"?>
<Project ToolsVersion="4.0" xmlns="http://schemas.microsoft.com/developer/msbuild/2003">
  <ItemGroup>
    <Filter Include="Source Files">
      <UniqueIdentifier>{4FC737F1-C7A5-4376-A066-2A32D752A2FF}</UniqueIdentifier>
      <Extensions>cpp;cxx;c;def</Extensions>
    </Filter>
    <Filter Include="Header Files">
      <UniqueIdentifier>{93995380-89BD-4b04-88EB-625FBE52EBFB}</UniqueIdentifier>
      <Extensions>h</Extensions>
    </Filter>
    <Filter Include="Form Files">
      <UniqueIdentifier>{99349809-55BA-4b9d-BF79-8FDBB0286EB3}</UniqueIdentifier>
      <Extensions>ui</Extensions>
    </Filter>
    <Filter Include="Resource Files">
      <UniqueIdentifier>{D9D6E242-F8AF-46E4-B9FD-80ECBC20BA3E}</UniqueIdentifier>
      <Extensions>qrc;*</Extensions>
      <ParseFiles>false</ParseFiles>
    </Filter>
    <Filter Include="Generated Files">
      <UniqueIdentifier>{71ED8ED8-ACB9-4CE9-BBE1-E00B30144E11}</UniqueIdentifier>
      <Extensions>moc;h;cpp</Extensions>
      <SourceControlFiles>False</SourceControlFiles>
    </Filter>
    <Filter Include="Generated Files\Debug">
      <UniqueIdentifier>{bedb7ea0-45f2-4ed3-a83f-13f9ed870101}</UniqueIdentifier>
      <Extensions>cpp;moc</Extensions>
      <SourceControlFiles>False</SourceControlFiles>
    </Filter>
    <Filter Include="Generated Files\Release">
      <UniqueIdentifier>{e7b3b86f-0758-4d6a-80fc-471aee5a3ac5}</UniqueIdentifier>
      <Extensions>cpp;moc</Extensions>
      <SourceControlFiles>False</SourceControlFiles>
    </Filter>
  </ItemGroup>
  <ItemGroup>
    <ClCompile Include="main.cpp">
      <Filter>Source Files</Filter>
    </ClCompile>
    <ClCompile Include="GeneratedFiles\qrc_trafficsimulation.cpp">
      <Filter>Generated Files</Filter>
    </ClCompile>
    <ClCompile Include="conn.cpp">
      <Filter>Source Files</Filter>
    </ClCompile>
    <ClCompile Include="db.cpp">
      <Filter>Source Files</Filter>
    </ClCompile>
    <ClCompile Include="GeneratedFiles\Debug\moc_db.cpp">
      <Filter>Generated Files\Debug</Filter>
    </ClCompile>
    <ClCompile Include="GeneratedFiles\Release\moc_db.cpp">
      <Filter>Generated Files\Release</Filter>
    </ClCompile>
    <ClCompile Include="DbAdapter.cpp">
      <Filter>Source Files</Filter>
    </ClCompile>
    <ClCompile Include="dotwidget.cpp">
      <Filter>Source Files</Filter>
    </ClCompile>
    <ClCompile Include="GeneratedFiles\Debug\moc_dotwidget.cpp">
      <Filter>Generated Files\Debug</Filter>
    </ClCompile>
    <ClCompile Include="GeneratedFiles\Release\moc_dotwidget.cpp">
      <Filter>Generated Files\Release</Filter>
    </ClCompile>
    <ClCompile Include="graphicsedgenetitem.cpp">
      <Filter>Source Files</Filter>
    </ClCompile>
    <ClCompile Include="graphicsnodeitem.cpp">
      <Filter>Source Files</Filter>
    </ClCompile>
    <ClCompile Include="graphicsscene.cpp">
      <Filter>Source Files</Filter>
    </ClCompile>
    <ClCompile Include="GeneratedFiles\Debug\moc_graphicsscene.cpp">
      <Filter>Generated Files\Debug</Filter>
    </ClCompile>
    <ClCompile Include="GeneratedFiles\Release\moc_graphicsscene.cpp">
      <Filter>Generated Files\Release</Filter>
    </ClCompile>
    <ClCompile Include="legend.cpp">
      <Filter>Source Files</Filter>
    </ClCompile>
    <ClCompile Include="GeneratedFiles\Debug\moc_legend.cpp">
      <Filter>Generated Files\Debug</Filter>
    </ClCompile>
    <ClCompile Include="GeneratedFiles\Release\moc_legend.cpp">
      <Filter>Generated Files\Release</Filter>
    </ClCompile>
    <ClCompile Include="legendelement.cpp">
      <Filter>Source Files</Filter>
    </ClCompile>
    <ClCompile Include="GeneratedFiles\Debug\moc_legendelement.cpp">
      <Filter>Generated Files\Debug</Filter>
    </ClCompile>
    <ClCompile Include="GeneratedFiles\Release\moc_legendelement.cpp">
      <Filter>Generated Files\Release</Filter>
    </ClCompile>
    <ClCompile Include="linewidget.cpp">
      <Filter>Source Files</Filter>
    </ClCompile>
    <ClCompile Include="GeneratedFiles\Debug\moc_linewidget.cpp">
      <Filter>Generated Files\Debug</Filter>
    </ClCompile>
    <ClCompile Include="GeneratedFiles\Release\moc_linewidget.cpp">
      <Filter>Generated Files\Release</Filter>
    </ClCompile>
    <ClCompile Include="node.cpp">
      <Filter>Source Files</Filter>
    </ClCompile>
    <ClCompile Include="nodegraphicsscene.cpp">
      <Filter>Source Files</Filter>
    </ClCompile>
    <ClCompile Include="GeneratedFiles\Debug\moc_nodegraphicsscene.cpp">
      <Filter>Generated Files\Debug</Filter>
    </ClCompile>
    <ClCompile Include="GeneratedFiles\Release\moc_nodegraphicsscene.cpp">
      <Filter>Generated Files\Release</Filter>
    </ClCompile>
    <ClCompile Include="Normal.cpp">
      <Filter>Source Files</Filter>
    </ClCompile>
    <ClCompile Include="pathnotexistsexception.cpp">
      <Filter>Source Files</Filter>
    </ClCompile>
    <ClCompile Include="rect.cpp">
      <Filter>Source Files</Filter>
    </ClCompile>
    <ClCompile Include="selectgraphicswidget.cpp">
      <Filter>Source Files</Filter>
    </ClCompile>
    <ClCompile Include="GeneratedFiles\Debug\moc_selectgraphicswidget.cpp">
      <Filter>Generated Files\Debug</Filter>
    </ClCompile>
    <ClCompile Include="GeneratedFiles\Release\moc_selectgraphicswidget.cpp">
      <Filter>Generated Files\Release</Filter>
    </ClCompile>
    <ClCompile Include="sqlqueryexception.cpp">
      <Filter>Source Files</Filter>
    </ClCompile>
    <ClCompile Include="thickdotwidget.cpp">
      <Filter>Source Files</Filter>
    </ClCompile>
    <ClCompile Include="GeneratedFiles\Debug\moc_thickdotwidget.cpp">
      <Filter>Generated Files\Debug</Filter>
    </ClCompile>
    <ClCompile Include="GeneratedFiles\Release\moc_thickdotwidget.cpp">
      <Filter>Generated Files\Release</Filter>
    </ClCompile>
    <ClCompile Include="thicklinewidget.cpp">
      <Filter>Source Files</Filter>
    </ClCompile>
    <ClCompile Include="GeneratedFiles\Debug\moc_thicklinewidget.cpp">
      <Filter>Generated Files\Debug</Filter>
    </ClCompile>
    <ClCompile Include="GeneratedFiles\Release\moc_thicklinewidget.cpp">
      <Filter>Generated Files\Release</Filter>
    </ClCompile>
    <ClCompile Include="winofgraphicsview.cpp">
      <Filter>Source Files</Filter>
    </ClCompile>
    <ClCompile Include="GeneratedFiles\Debug\moc_winofgraphicsview.cpp">
      <Filter>Generated Files\Debug</Filter>
    </ClCompile>
    <ClCompile Include="GeneratedFiles\Release\moc_winofgraphicsview.cpp">
      <Filter>Generated Files\Release</Filter>
    </ClCompile>
    <ClCompile Include="graphicsview.cpp">
      <Filter>Source Files</Filter>
    </ClCompile>
    <ClCompile Include="GeneratedFiles\Debug\moc_graphicsview.cpp">
      <Filter>Generated Files\Debug</Filter>
    </ClCompile>
    <ClCompile Include="GeneratedFiles\Release\moc_graphicsview.cpp">
      <Filter>Generated Files\Release</Filter>
    </ClCompile>
    <ClCompile Include="graphicsnodenotextitem.cpp">
      <Filter>Source Files</Filter>
    </ClCompile>
    <ClCompile Include="GeneratedFiles\Debug\moc_graphicsnodeitem.cpp">
      <Filter>Generated Files\Debug</Filter>
    </ClCompile>
    <ClCompile Include="GeneratedFiles\Release\moc_graphicsnodeitem.cpp">
      <Filter>Generated Files\Release</Filter>
    </ClCompile>
    <ClCompile Include="legendproxy.cpp">
      <Filter>Source Files</Filter>
    </ClCompile>
    <ClCompile Include="GeneratedFiles\Debug\moc_legendproxy.cpp">
      <Filter>Generated Files\Debug</Filter>
    </ClCompile>
    <ClCompile Include="GeneratedFiles\Release\moc_legendproxy.cpp">
      <Filter>Generated Files\Release</Filter>
    </ClCompile>
    <ClCompile Include="roadlevelgraphicsscene.cpp">
      <Filter>Source Files</Filter>
    </ClCompile>
    <ClCompile Include="GeneratedFiles\Debug\moc_roadlevelgraphicsscene.cpp">
      <Filter>Generated Files\Debug</Filter>
    </ClCompile>
    <ClCompile Include="GeneratedFiles\Release\moc_roadlevelgraphicsscene.cpp">
      <Filter>Generated Files\Release</Filter>
    </ClCompile>
    <ClCompile Include="Edge.cpp">
      <Filter>Source Files</Filter>
    </ClCompile>
    <ClCompile Include="structsfordb.cpp">
      <Filter>Source Files</Filter>
    </ClCompile>
    <ClCompile Include="graphicsedgeitem.cpp">
      <Filter>Source Files</Filter>
    </ClCompile>
    <ClCompile Include="GeneratedFiles\Debug\moc_graphicsedgeitem.cpp">
      <Filter>Generated Files\Debug</Filter>
    </ClCompile>
    <ClCompile Include="GeneratedFiles\Release\moc_graphicsedgeitem.cpp">
      <Filter>Generated Files\Release</Filter>
    </ClCompile>
    <ClCompile Include="Communicate.cpp">
      <Filter>Source Files</Filter>
    </ClCompile>
    <ClCompile Include="GeneratedFiles\Debug\moc_Communicate.cpp">
      <Filter>Generated Files\Debug</Filter>
    </ClCompile>
    <ClCompile Include="GeneratedFiles\Release\moc_Communicate.cpp">
      <Filter>Generated Files\Release</Filter>
    </ClCompile>
    <ClCompile Include="busnumgraphicsscene.cpp">
      <Filter>Source Files</Filter>
    </ClCompile>
    <ClCompile Include="GeneratedFiles\Debug\moc_busnumgraphicsscene.cpp">
      <Filter>Generated Files\Debug</Filter>
    </ClCompile>
    <ClCompile Include="GeneratedFiles\Release\moc_busnumgraphicsscene.cpp">
      <Filter>Generated Files\Release</Filter>
    </ClCompile>
    <ClCompile Include="BusRoute.cpp">
      <Filter>Source Files</Filter>
    </ClCompile>
    <ClCompile Include="graphicsbusedgeitem.cpp">
      <Filter>Source Files</Filter>
    </ClCompile>
    <ClCompile Include="GeneratedFiles\Debug\moc_graphicsbusedgeitem.cpp">
      <Filter>Generated Files\Debug</Filter>
    </ClCompile>
    <ClCompile Include="GeneratedFiles\Release\moc_graphicsbusedgeitem.cpp">
      <Filter>Generated Files\Release</Filter>
    </ClCompile>
    <ClCompile Include="junctiontypegraphicsscene.cpp">
      <Filter>Source Files</Filter>
    </ClCompile>
    <ClCompile Include="GeneratedFiles\Debug\moc_junctiontypegraphicsscene.cpp">
      <Filter>Generated Files\Debug</Filter>
    </ClCompile>
    <ClCompile Include="GeneratedFiles\Release\moc_junctiontypegraphicsscene.cpp">
      <Filter>Generated Files\Release</Filter>
    </ClCompile>
    <ClCompile Include="turnrestrictgraphicsscene.cpp">
      <Filter>Source Files</Filter>
    </ClCompile>
    <ClCompile Include="GeneratedFiles\Debug\moc_turnrestrictgraphicsscene.cpp">
      <Filter>Generated Files\Debug</Filter>
    </ClCompile>
    <ClCompile Include="GeneratedFiles\Release\moc_turnrestrictgraphicsscene.cpp">
      <Filter>Generated Files\Release</Filter>
    </ClCompile>
    <ClCompile Include="TurnRestrict.cpp">
      <Filter>Source Files</Filter>
    </ClCompile>
    <ClCompile Include="graphicssidelineitem.cpp">
      <Filter>Source Files</Filter>
    </ClCompile>
    <ClCompile Include="GeneratedFiles\Debug\moc_graphicssidelineitem.cpp">
      <Filter>Generated Files\Debug</Filter>
    </ClCompile>
    <ClCompile Include="GeneratedFiles\Release\moc_graphicssidelineitem.cpp">
      <Filter>Generated Files\Release</Filter>
    </ClCompile>
    <ClCompile Include="roadtypegraphicsscene.cpp">
      <Filter>Source Files</Filter>
    </ClCompile>
    <ClCompile Include="GeneratedFiles\Debug\moc_roadtypegraphicsscene.cpp">
      <Filter>Generated Files\Debug</Filter>
    </ClCompile>
    <ClCompile Include="GeneratedFiles\Release\moc_roadtypegraphicsscene.cpp">
      <Filter>Generated Files\Release</Filter>
    </ClCompile>
    <ClCompile Include="trafficmanagegraphicsscene.cpp">
      <Filter>Source Files</Filter>
    </ClCompile>
    <ClCompile Include="GeneratedFiles\Debug\moc_trafficmanagegraphicsscene.cpp">
      <Filter>Generated Files\Debug</Filter>
    </ClCompile>
    <ClCompile Include="GeneratedFiles\Release\moc_trafficmanagegraphicsscene.cpp">
      <Filter>Generated Files\Release</Filter>
    </ClCompile>
    <ClCompile Include="trafficforbidgraphicsscene.cpp">
      <Filter>Source Files</Filter>
    </ClCompile>
    <ClCompile Include="GeneratedFiles\Debug\moc_trafficforbidgraphicsscene.cpp">
      <Filter>Generated Files\Debug</Filter>
    </ClCompile>
    <ClCompile Include="GeneratedFiles\Release\moc_trafficforbidgraphicsscene.cpp">
      <Filter>Generated Files\Release</Filter>
    </ClCompile>
    <ClCompile Include="RoadPermission.cpp">
      <Filter>Source Files</Filter>
    </ClCompile>
    <ClCompile Include="trafficnumlimitgraphicsscene.cpp">
      <Filter>Source Files</Filter>
    </ClCompile>
    <ClCompile Include="GeneratedFiles\Debug\moc_trafficnumlimitgraphicsscene.cpp">
      <Filter>Generated Files\Debug</Filter>
    </ClCompile>
    <ClCompile Include="GeneratedFiles\Release\moc_trafficnumlimitgraphicsscene.cpp">
      <Filter>Generated Files\Release</Filter>
    </ClCompile>
    <ClCompile Include="commonexception.cpp">
      <Filter>Source Files</Filter>
    </ClCompile>
    <ClCompile Include="TrafficVolume.cpp">
      <Filter>Source Files</Filter>
    </ClCompile>
    <ClCompile Include="trafficroadvolumegraphicsscene.cpp">
      <Filter>Source Files</Filter>
    </ClCompile>
    <ClCompile Include="GeneratedFiles\Debug\moc_trafficroadvolumegraphicsscene.cpp">
      <Filter>Generated Files\Debug</Filter>
    </ClCompile>
    <ClCompile Include="GeneratedFiles\Release\moc_trafficroadvolumegraphicsscene.cpp">
      <Filter>Generated Files\Release</Filter>
    </ClCompile>
    <ClCompile Include="trafficnodevolumegraphicsscene.cpp">
      <Filter>Source Files</Filter>
    </ClCompile>
    <ClCompile Include="GeneratedFiles\Debug\moc_trafficnodevolumegraphicsscene.cpp">
      <Filter>Generated Files\Debug</Filter>
    </ClCompile>
    <ClCompile Include="GeneratedFiles\Release\moc_trafficnodevolumegraphicsscene.cpp">
      <Filter>Generated Files\Release</Filter>
    </ClCompile>
    <ClCompile Include="Capability.cpp">
      <Filter>Source Files</Filter>
    </ClCompile>
    <ClCompile Include="Speed.cpp">
      <Filter>Source Files</Filter>
    </ClCompile>
  </ItemGroup>
  <ItemGroup>
    <CustomBuild Include="trafficsimulation.ui">
      <Filter>Form Files</Filter>
    </CustomBuild>
    <CustomBuild Include="trafficsimulation.qrc">
      <Filter>Resource Files</Filter>
    </CustomBuild>
    <CustomBuild Include="db.h">
      <Filter>Header Files</Filter>
    </CustomBuild>
    <CustomBuild Include="dotwidget.h">
      <Filter>Header Files</Filter>
    </CustomBuild>
    <CustomBuild Include="graphicsscene.h">
      <Filter>Header Files</Filter>
    </CustomBuild>
    <CustomBuild Include="legend.h">
      <Filter>Header Files</Filter>
    </CustomBuild>
    <CustomBuild Include="legendelement.h">
      <Filter>Header Files</Filter>
    </CustomBuild>
    <CustomBuild Include="linewidget.h">
      <Filter>Header Files</Filter>
    </CustomBuild>
    <CustomBuild Include="nodegraphicsscene.h">
      <Filter>Header Files</Filter>
    </CustomBuild>
    <CustomBuild Include="selectgraphicswidget.h">
      <Filter>Header Files</Filter>
    </CustomBuild>
    <CustomBuild Include="selectgraphicswidget.ui">
      <Filter>Form Files</Filter>
    </CustomBuild>
    <CustomBuild Include="thickdotwidget.h">
      <Filter>Header Files</Filter>
    </CustomBuild>
    <CustomBuild Include="thicklinewidget.h">
      <Filter>Header Files</Filter>
    </CustomBuild>
    <CustomBuild Include="winofgraphicsview.h">
      <Filter>Header Files</Filter>
    </CustomBuild>
    <CustomBuild Include="winofgraphicsview.ui">
      <Filter>Form Files</Filter>
    </CustomBuild>
    <CustomBuild Include="graphicsview.h">
      <Filter>Header Files</Filter>
    </CustomBuild>
    <CustomBuild Include="graphicsnodenotextitem.h">
      <Filter>Header Files</Filter>
    </CustomBuild>
    <CustomBuild Include="graphicsnodeitem.h">
      <Filter>Header Files</Filter>
    </CustomBuild>
    <CustomBuild Include="legendproxy.h">
      <Filter>Header Files</Filter>
    </CustomBuild>
    <CustomBuild Include="roadlevelgraphicsscene.h">
      <Filter>Header Files</Filter>
    </CustomBuild>
    <CustomBuild Include="graphicsedgeitem.h">
      <Filter>Header Files</Filter>
    </CustomBuild>
    <CustomBuild Include="Communicate.h">
      <Filter>Header Files</Filter>
    </CustomBuild>
    <CustomBuild Include="busnumgraphicsscene.h">
      <Filter>Header Files</Filter>
    </CustomBuild>
    <CustomBuild Include="graphicsbusedgeitem.h">
      <Filter>Header Files</Filter>
    </CustomBuild>
    <CustomBuild Include="junctiontypegraphicsscene.h">
      <Filter>Header Files</Filter>
    </CustomBuild>
    <CustomBuild Include="turnrestrictgraphicsscene.h">
      <Filter>Header Files</Filter>
    </CustomBuild>
    <CustomBuild Include="graphicssidelineitem.h">
      <Filter>Header Files</Filter>
    </CustomBuild>
    <CustomBuild Include="roadtypegraphicsscene.h">
      <Filter>Header Files</Filter>
    </CustomBuild>
    <CustomBuild Include="trafficmanagegraphicsscene.h">
      <Filter>Header Files</Filter>
    </CustomBuild>
    <CustomBuild Include="trafficforbidgraphicsscene.h">
      <Filter>Header Files</Filter>
    </CustomBuild>
    <CustomBuild Include="trafficnumlimitgraphicsscene.h">
      <Filter>Header Files</Filter>
    </CustomBuild>
    <CustomBuild Include="commonexception.h">
      <Filter>Header Files</Filter>
    </CustomBuild>
    <CustomBuild Include="trafficroadvolumegraphicsscene.h">
      <Filter>Header Files</Filter>
    </CustomBuild>
    <CustomBuild Include="trafficnodevolumegraphicsscene.h">
      <Filter>Header Files</Filter>
    </CustomBuild>
  </ItemGroup>
  <ItemGroup>
    <ClInclude Include="GeneratedFiles\ui_trafficsimulation.h">
      <Filter>Generated Files</Filter>
    </ClInclude>
    <ClInclude Include="conn.h">
      <Filter>Header Files</Filter>
    </ClInclude>
    <ClInclude Include="DbAdapter.h">
      <Filter>Header Files</Filter>
    </ClInclude>
    <ClInclude Include="graphicsedgenetitem.h">
      <Filter>Header Files</Filter>
    </ClInclude>
    <ClInclude Include="node.h">
      <Filter>Header Files</Filter>
    </ClInclude>
    <ClInclude Include="Normal.h">
      <Filter>Header Files</Filter>
    </ClInclude>
    <ClInclude Include="pathnotexistsexception.h">
      <Filter>Header Files</Filter>
    </ClInclude>
    <ClInclude Include="rect.h">
      <Filter>Header Files</Filter>
    </ClInclude>
    <ClInclude Include="GeneratedFiles\ui_selectgraphicswidget.h">
      <Filter>Generated Files</Filter>
    </ClInclude>
    <ClInclude Include="sqlqueryexception.h">
      <Filter>Header Files</Filter>
    </ClInclude>
    <ClInclude Include="GeneratedFiles\ui_winofgraphicsview.h">
      <Filter>Generated Files</Filter>
    </ClInclude>
    <ClInclude Include="Edge.h">
      <Filter>Header Files</Filter>
    </ClInclude>
    <ClInclude Include="structsfordb.h">
      <Filter>Header Files</Filter>
    </ClInclude>
    <ClInclude Include="BusRoute.h">
      <Filter>Header Files</Filter>
    </ClInclude>
    <ClInclude Include="TurnRestrict.h">
      <Filter>Header Files</Filter>
    </ClInclude>
    <ClInclude Include="RoadPermission.h">
      <Filter>Header Files</Filter>
    </ClInclude>
    <ClInclude Include="TrafficVolume.h">
      <Filter>Header Files</Filter>
    </ClInclude>
    <ClInclude Include="Capability.h">
      <Filter>Header Files</Filter>
    </ClInclude>
    <ClInclude Include="Speed.h">
      <Filter>Header Files</Filter>
    </ClInclude>
  </ItemGroup>
  <ItemGroup>
    <None Include="road.db" />
  </ItemGroup>
</Project>